
Microsoft Visual Studio Solution File, Format Version 12.00
# Visual Studio Version 16
VisualStudioVersion = 16.0.30128.74
MinimumVisualStudioVersion = 10.0.40219.1
Project("{FAE04EC0-301F-11D3-BF4B-00C04F79EFBC}") = "FacebookApp.Logic", "FacebookApp.Logic\FacebookApp.Logic.csproj", "{08DDDB2F-DA53-47E1-A0F6-4A6762710790}"
EndProject
Project("{FAE04EC0-301F-11D3-BF4B-00C04F79EFBC}") = "FacebookApp.UI", "FacebookApp.UI\FacebookApp.UI.csproj", "{271C14CE-6F2E-4C35-A0FA-5AB5E9DC8A9A}"
EndProject
Global
	GlobalSection(SolutionConfigurationPlatforms) = preSolution
		Debug|Any CPU = Debug|Any CPU
		Debug|ARM = Debug|ARM
		Debug|ARM64 = Debug|ARM64
		Debug|x64 = Debug|x64
		Debug|x86 = Debug|x86
		Release|Any CPU = Release|Any CPU
		Release|ARM = Release|ARM
		Release|ARM64 = Release|ARM64
		Release|x64 = Release|x64
		Release|x86 = Release|x86
	EndGlobalSection
	GlobalSection(ProjectConfigurationPlatforms) = postSolution
		{08DDDB2F-DA53-47E1-A0F6-4A6762710790}.Debug|Any CPU.ActiveCfg = Debug|Any CPU
		{08DDDB2F-DA53-47E1-A0F6-4A6762710790}.Debug|Any CPU.Build.0 = Debug|Any CPU
		{08DDDB2F-DA53-47E1-A0F6-4A6762710790}.Debug|ARM.ActiveCfg = Debug|Any CPU
		{08DDDB2F-DA53-47E1-A0F6-4A6762710790}.Debug|ARM.Build.0 = Debug|Any CPU
		{08DDDB2F-DA53-47E1-A0F6-4A6762710790}.Debug|ARM64.ActiveCfg = Debug|Any CPU
		{08DDDB2F-DA53-47E1-A0F6-4A6762710790}.Debug|ARM64.Build.0 = Debug|Any CPU
		{08DDDB2F-DA53-47E1-A0F6-4A6762710790}.Debug|x64.ActiveCfg = Debug|Any CPU
		{08DDDB2F-DA53-47E1-A0F6-4A6762710790}.Debug|x64.Build.0 = Debug|Any CPU
		{08DDDB2F-DA53-47E1-A0F6-4A6762710790}.Debug|x86.ActiveCfg = Debug|Any CPU
		{08DDDB2F-DA53-47E1-A0F6-4A6762710790}.Debug|x86.Build.0 = Debug|Any CPU
		{08DDDB2F-DA53-47E1-A0F6-4A6762710790}.Release|Any CPU.ActiveCfg = Release|Any CPU
		{08DDDB2F-DA53-47E1-A0F6-4A6762710790}.Release|Any CPU.Build.0 = Release|Any CPU
		{08DDDB2F-DA53-47E1-A0F6-4A6762710790}.Release|ARM.ActiveCfg = Release|Any CPU
		{08DDDB2F-DA53-47E1-A0F6-4A6762710790}.Release|ARM.Build.0 = Release|Any CPU
		{08DDDB2F-DA53-47E1-A0F6-4A6762710790}.Release|ARM64.ActiveCfg = Release|Any CPU
		{08DDDB2F-DA53-47E1-A0F6-4A6762710790}.Release|ARM64.Build.0 = Release|Any CPU
		{08DDDB2F-DA53-47E1-A0F6-4A6762710790}.Release|x64.ActiveCfg = Release|Any CPU
		{08DDDB2F-DA53-47E1-A0F6-4A6762710790}.Release|x64.Build.0 = Release|Any CPU
		{08DDDB2F-DA53-47E1-A0F6-4A6762710790}.Release|x86.ActiveCfg = Release|Any CPU
		{08DDDB2F-DA53-47E1-A0F6-4A6762710790}.Release|x86.Build.0 = Release|Any CPU
		{271C14CE-6F2E-4C35-A0FA-5AB5E9DC8A9A}.Debug|Any CPU.ActiveCfg = Debug|Any CPU
		{271C14CE-6F2E-4C35-A0FA-5AB5E9DC8A9A}.Debug|Any CPU.Build.0 = Debug|Any CPU
		{271C14CE-6F2E-4C35-A0FA-5AB5E9DC8A9A}.Debug|ARM.ActiveCfg = Debug|Any CPU
		{271C14CE-6F2E-4C35-A0FA-5AB5E9DC8A9A}.Debug|ARM.Build.0 = Debug|Any CPU
		{271C14CE-6F2E-4C35-A0FA-5AB5E9DC8A9A}.Debug|ARM64.ActiveCfg = Debug|Any CPU
		{271C14CE-6F2E-4C35-A0FA-5AB5E9DC8A9A}.Debug|ARM64.Build.0 = Debug|Any CPU
		{271C14CE-6F2E-4C35-A0FA-5AB5E9DC8A9A}.Debug|x64.ActiveCfg = Debug|Any CPU
		{271C14CE-6F2E-4C35-A0FA-5AB5E9DC8A9A}.Debug|x64.Build.0 = Debug|Any CPU
		{271C14CE-6F2E-4C35-A0FA-5AB5E9DC8A9A}.Debug|x86.ActiveCfg = Debug|Any CPU
		{271C14CE-6F2E-4C35-A0FA-5AB5E9DC8A9A}.Debug|x86.Build.0 = Debug|Any CPU
		{271C14CE-6F2E-4C35-A0FA-5AB5E9DC8A9A}.Release|Any CPU.ActiveCfg = Release|Any CPU
		{271C14CE-6F2E-4C35-A0FA-5AB5E9DC8A9A}.Release|Any CPU.Build.0 = Release|Any CPU
		{271C14CE-6F2E-4C35-A0FA-5AB5E9DC8A9A}.Release|ARM.ActiveCfg = Release|Any CPU
		{271C14CE-6F2E-4C35-A0FA-5AB5E9DC8A9A}.Release|ARM.Build.0 = Release|Any CPU
		{271C14CE-6F2E-4C35-A0FA-5AB5E9DC8A9A}.Release|ARM64.ActiveCfg = Release|Any CPU
		{271C14CE-6F2E-4C35-A0FA-5AB5E9DC8A9A}.Release|ARM64.Build.0 = Release|Any CPU
		{271C14CE-6F2E-4C35-A0FA-5AB5E9DC8A9A}.Release|x64.ActiveCfg = Release|Any CPU
		{271C14CE-6F2E-4C35-A0FA-5AB5E9DC8A9A}.Release|x64.Build.0 = Release|Any CPU
		{271C14CE-6F2E-4C35-A0FA-5AB5E9DC8A9A}.Release|x86.ActiveCfg = Release|Any CPU
		{271C14CE-6F2E-4C35-A0FA-5AB5E9DC8A9A}.Release|x86.Build.0 = Release|Any CPU
	EndGlobalSection
	GlobalSection(SolutionProperties) = preSolution
		HideSolutionNode = FALSE
	EndGlobalSection
	GlobalSection(ExtensibilityGlobals) = postSolution
		SolutionGuid = {245F779F-2AA0-4FDF-90BC-D82BB9D7402D}
	EndGlobalSection
EndGlobal
